
Microsoft Visual Studio Solution File, Format Version 12.00
# Visual Studio Version 17
VisualStudioVersion = 17.6.33829.357
MinimumVisualStudioVersion = 10.0.40219.1
Project("{FAE04EC0-301F-11D3-BF4B-00C04F79EFBC}") = "FIT5032_MyFirstDatabase", "FIT5032_MyFirstDatabase\FIT5032_MyFirstDatabase.csproj", "{8901D383-C509-4622-BA70-CA4A61DD75E3}"
EndProject
Global
	GlobalSection(SolutionConfigurationPlatforms) = preSolution
		Debug|Any CPU = Debug|Any CPU
		Release|Any CPU = Release|Any CPU
	EndGlobalSection
	GlobalSection(ProjectConfigurationPlatforms) = postSolution
		{8901D383-C509-4622-BA70-CA4A61DD75E3}.Debug|Any CPU.ActiveCfg = Debug|Any CPU
		{8901D383-C509-4622-BA70-CA4A61DD75E3}.Debug|Any CPU.Build.0 = Debug|Any CPU
		{8901D383-C509-4622-BA70-CA4A61DD75E3}.Release|Any CPU.ActiveCfg = Release|Any CPU
		{8901D383-C509-4622-BA70-CA4A61DD75E3}.Release|Any CPU.Build.0 = Release|Any CPU
	EndGlobalSection
	GlobalSection(SolutionProperties) = preSolution
		HideSolutionNode = FALSE
	EndGlobalSection
	GlobalSection(ExtensibilityGlobals) = postSolution
		SolutionGuid = {680300DA-0201-49C4-82A2-450133A2D123}
	EndGlobalSection
EndGlobal
